
Microsoft Visual Studio Solution File, Format Version 12.00
# Visual Studio Version 17
VisualStudioVersion = 17.0.31903.59
MinimumVisualStudioVersion = 10.0.40219.1
Project("{54A90642-561A-4BB1-A94E-469ADEE60C69}") = "CleanArchitecture.Web.UI", "CleanArchitecture.Web.UI\CleanArchitecture.Web.UI.esproj", "{63405BF9-99A5-4B80-837A-E5969393354B}"
EndProject
Project("{FAE04EC0-301F-11D3-BF4B-00C04F79EFBC}") = "CleanArchitecture.Web.API", "CleanArchitecture.Web.API\CleanArchitecture.Web.API.csproj", "{F04EED1D-18F9-4394-BDA0-795E2970B518}"
EndProject
Project("{FAE04EC0-301F-11D3-BF4B-00C04F79EFBC}") = "CleanArchitecture.Core", "CleanArchitecture.Core\CleanArchitecture.Core.csproj", "{9AAEEA7F-5B87-4E36-8198-FCB908C1F641}"
EndProject
Project("{FAE04EC0-301F-11D3-BF4B-00C04F79EFBC}") = "CleanArchitecture.Infrastructure", "CleanArchitecture.Infrastructure\CleanArchitecture.Infrastructure.csproj", "{2B14C852-F4B9-4930-93A3-A2AD0333D8D1}"
EndProject
Global
	GlobalSection(SolutionConfigurationPlatforms) = preSolution
		Debug|Any CPU = Debug|Any CPU
		Release|Any CPU = Release|Any CPU
	EndGlobalSection
	GlobalSection(ProjectConfigurationPlatforms) = postSolution
		{63405BF9-99A5-4B80-837A-E5969393354B}.Debug|Any CPU.ActiveCfg = Debug|Any CPU
		{63405BF9-99A5-4B80-837A-E5969393354B}.Debug|Any CPU.Build.0 = Debug|Any CPU
		{63405BF9-99A5-4B80-837A-E5969393354B}.Debug|Any CPU.Deploy.0 = Debug|Any CPU
		{63405BF9-99A5-4B80-837A-E5969393354B}.Release|Any CPU.ActiveCfg = Release|Any CPU
		{63405BF9-99A5-4B80-837A-E5969393354B}.Release|Any CPU.Build.0 = Release|Any CPU
		{63405BF9-99A5-4B80-837A-E5969393354B}.Release|Any CPU.Deploy.0 = Release|Any CPU
		{F04EED1D-18F9-4394-BDA0-795E2970B518}.Debug|Any CPU.ActiveCfg = Debug|Any CPU
		{F04EED1D-18F9-4394-BDA0-795E2970B518}.Debug|Any CPU.Build.0 = Debug|Any CPU
		{F04EED1D-18F9-4394-BDA0-795E2970B518}.Release|Any CPU.ActiveCfg = Release|Any CPU
		{F04EED1D-18F9-4394-BDA0-795E2970B518}.Release|Any CPU.Build.0 = Release|Any CPU
		{9AAEEA7F-5B87-4E36-8198-FCB908C1F641}.Debug|Any CPU.ActiveCfg = Debug|Any CPU
		{9AAEEA7F-5B87-4E36-8198-FCB908C1F641}.Debug|Any CPU.Build.0 = Debug|Any CPU
		{9AAEEA7F-5B87-4E36-8198-FCB908C1F641}.Release|Any CPU.ActiveCfg = Release|Any CPU
		{9AAEEA7F-5B87-4E36-8198-FCB908C1F641}.Release|Any CPU.Build.0 = Release|Any CPU
		{2B14C852-F4B9-4930-93A3-A2AD0333D8D1}.Debug|Any CPU.ActiveCfg = Debug|Any CPU
		{2B14C852-F4B9-4930-93A3-A2AD0333D8D1}.Debug|Any CPU.Build.0 = Debug|Any CPU
		{2B14C852-F4B9-4930-93A3-A2AD0333D8D1}.Release|Any CPU.ActiveCfg = Release|Any CPU
		{2B14C852-F4B9-4930-93A3-A2AD0333D8D1}.Release|Any CPU.Build.0 = Release|Any CPU
	EndGlobalSection
	GlobalSection(SolutionProperties) = preSolution
		HideSolutionNode = FALSE
	EndGlobalSection
	GlobalSection(ExtensibilityGlobals) = postSolution
		SolutionGuid = {776B50D9-7698-4FDA-A2EA-1322BCF7FE40}
	EndGlobalSection
EndGlobal
